
Microsoft Visual Studio Solution File, Format Version 12.00
# Visual Studio Version 17
VisualStudioVersion = 17.13.35913.81 d17.13
MinimumVisualStudioVersion = 10.0.40219.1
Project("{FAE04EC0-301F-11D3-BF4B-00C04F79EFBC}") = "WpfProject3", "WpfProject3.csproj", "{425070C7-6B35-4EB7-ADD9-5C7B5CA45460}"
EndProject
Global
	GlobalSection(SolutionConfigurationPlatforms) = preSolution
		Debug|Any CPU = Debug|Any CPU
		Release|Any CPU = Release|Any CPU
	EndGlobalSection
	GlobalSection(ProjectConfigurationPlatforms) = postSolution
		{425070C7-6B35-4EB7-ADD9-5C7B5CA45460}.Debug|Any CPU.ActiveCfg = Debug|Any CPU
		{425070C7-6B35-4EB7-ADD9-5C7B5CA45460}.Debug|Any CPU.Build.0 = Debug|Any CPU
		{425070C7-6B35-4EB7-ADD9-5C7B5CA45460}.Release|Any CPU.ActiveCfg = Release|Any CPU
		{425070C7-6B35-4EB7-ADD9-5C7B5CA45460}.Release|Any CPU.Build.0 = Release|Any CPU
	EndGlobalSection
	GlobalSection(SolutionProperties) = preSolution
		HideSolutionNode = FALSE
	EndGlobalSection
	GlobalSection(ExtensibilityGlobals) = postSolution
		SolutionGuid = {B8051161-A255-4534-831B-4CD224D15B0B}
	EndGlobalSection
EndGlobal
